
Microsoft Visual Studio Solution File, Format Version 12.00
# Visual Studio 2013
VisualStudioVersion = 12.0.31101.0
MinimumVisualStudioVersion = 10.0.40219.1
Project("{FAE04EC0-301F-11D3-BF4B-00C04F79EFBC}") = "UI.Desktop", "UI.Desktop\UI.Desktop.csproj", "{616A9320-E8E2-4B47-91EB-730F84D6F375}"
EndProject
Project("{FAE04EC0-301F-11D3-BF4B-00C04F79EFBC}") = "Business.Logic", "TP2L01\Business.Logic\Business.Logic.csproj", "{2D7F67F0-A515-496E-94F2-7DBEDD0B479E}"
EndProject
Project("{FAE04EC0-301F-11D3-BF4B-00C04F79EFBC}") = "Util", "TP2L01\Util\Util.csproj", "{BBBE5D66-24A1-4E28-A15A-D0567A2C6A65}"
EndProject
Project("{FAE04EC0-301F-11D3-BF4B-00C04F79EFBC}") = "Business.Entities", "TP2L01\Business.Entities\Business.Entities.csproj", "{439C4D31-1F43-415F-B93D-A8AC57370FC2}"
EndProject
Project("{E24C65DC-7377-472B-9ABA-BC803B73C61A}") = "UI.Web(1)", "http://localhost:59873", "{93AFE268-F265-4A1D-976C-B1DD78B75D0A}"
	ProjectSection(WebsiteProperties) = preProject
		UseIISExpress = "true"
		TargetFrameworkMoniker = ".NETFramework,Version%3Dv4.5"
		Debug.AspNetCompiler.VirtualPath = "/localhost_59873"
		Debug.AspNetCompiler.PhysicalPath = "TP2L01\UI.Web\"
		Debug.AspNetCompiler.TargetPath = "PrecompiledWeb\localhost_59873\"
		Debug.AspNetCompiler.Updateable = "true"
		Debug.AspNetCompiler.ForceOverwrite = "true"
		Debug.AspNetCompiler.FixedNames = "false"
		Debug.AspNetCompiler.Debug = "True"
		Release.AspNetCompiler.VirtualPath = "/localhost_59873"
		Release.AspNetCompiler.PhysicalPath = "TP2L01\UI.Web\"
		Release.AspNetCompiler.TargetPath = "PrecompiledWeb\localhost_59873\"
		Release.AspNetCompiler.Updateable = "true"
		Release.AspNetCompiler.ForceOverwrite = "true"
		Release.AspNetCompiler.FixedNames = "false"
		Release.AspNetCompiler.Debug = "False"
		SlnRelativePath = "TP2L01\UI.Web\"
		DefaultWebSiteLanguage = "Visual C#"
	EndProjectSection
EndProject
Global
	GlobalSection(SolutionConfigurationPlatforms) = preSolution
		Debug|Any CPU = Debug|Any CPU
		Release|Any CPU = Release|Any CPU
	EndGlobalSection
	GlobalSection(ProjectConfigurationPlatforms) = postSolution
		{616A9320-E8E2-4B47-91EB-730F84D6F375}.Debug|Any CPU.ActiveCfg = Debug|Any CPU
		{616A9320-E8E2-4B47-91EB-730F84D6F375}.Debug|Any CPU.Build.0 = Debug|Any CPU
		{616A9320-E8E2-4B47-91EB-730F84D6F375}.Release|Any CPU.ActiveCfg = Release|Any CPU
		{616A9320-E8E2-4B47-91EB-730F84D6F375}.Release|Any CPU.Build.0 = Release|Any CPU
		{2D7F67F0-A515-496E-94F2-7DBEDD0B479E}.Debug|Any CPU.ActiveCfg = Debug|Any CPU
		{2D7F67F0-A515-496E-94F2-7DBEDD0B479E}.Debug|Any CPU.Build.0 = Debug|Any CPU
		{2D7F67F0-A515-496E-94F2-7DBEDD0B479E}.Release|Any CPU.ActiveCfg = Release|Any CPU
		{2D7F67F0-A515-496E-94F2-7DBEDD0B479E}.Release|Any CPU.Build.0 = Release|Any CPU
		{BBBE5D66-24A1-4E28-A15A-D0567A2C6A65}.Debug|Any CPU.ActiveCfg = Debug|Any CPU
		{BBBE5D66-24A1-4E28-A15A-D0567A2C6A65}.Debug|Any CPU.Build.0 = Debug|Any CPU
		{BBBE5D66-24A1-4E28-A15A-D0567A2C6A65}.Release|Any CPU.ActiveCfg = Release|Any CPU
		{BBBE5D66-24A1-4E28-A15A-D0567A2C6A65}.Release|Any CPU.Build.0 = Release|Any CPU
		{439C4D31-1F43-415F-B93D-A8AC57370FC2}.Debug|Any CPU.ActiveCfg = Debug|Any CPU
		{439C4D31-1F43-415F-B93D-A8AC57370FC2}.Debug|Any CPU.Build.0 = Debug|Any CPU
		{439C4D31-1F43-415F-B93D-A8AC57370FC2}.Release|Any CPU.ActiveCfg = Release|Any CPU
		{439C4D31-1F43-415F-B93D-A8AC57370FC2}.Release|Any CPU.Build.0 = Release|Any CPU
		{93AFE268-F265-4A1D-976C-B1DD78B75D0A}.Debug|Any CPU.ActiveCfg = Debug|Any CPU
		{93AFE268-F265-4A1D-976C-B1DD78B75D0A}.Debug|Any CPU.Build.0 = Debug|Any CPU
		{93AFE268-F265-4A1D-976C-B1DD78B75D0A}.Release|Any CPU.ActiveCfg = Debug|Any CPU
		{93AFE268-F265-4A1D-976C-B1DD78B75D0A}.Release|Any CPU.Build.0 = Debug|Any CPU
	EndGlobalSection
	GlobalSection(SolutionProperties) = preSolution
		HideSolutionNode = FALSE
	EndGlobalSection
EndGlobal
